
Microsoft Visual Studio Solution File, Format Version 12.00
# Visual Studio 2013
VisualStudioVersion = 12.0.31101.0
MinimumVisualStudioVersion = 10.0.40219.1
Project("{2150E333-8FDC-42A3-9474-1A3956D46DE8}") = "PTS.Core", "PTS.Core", "{8E0148D4-9E68-4197-9DCE-E143A5EC340E}"
EndProject
Project("{2150E333-8FDC-42A3-9474-1A3956D46DE8}") = "PTS.Service", "PTS.Service", "{1B894B87-3A1D-4F5B-BCF0-2FB847ED9481}"
EndProject
Project("{2150E333-8FDC-42A3-9474-1A3956D46DE8}") = "PTS.Repository", "PTS.Repository", "{E0BB409E-C9C3-4C12-A4B9-BAF570656445}"
EndProject
Project("{2150E333-8FDC-42A3-9474-1A3956D46DE8}") = "PTS.RestService", "PTS.RestService", "{93BE4E75-E412-496A-B8E5-401C50EA2E61}"
EndProject
Project("{2150E333-8FDC-42A3-9474-1A3956D46DE8}") = "PTS.UI", "PTS.UI", "{611129C4-FDD4-444E-8D93-E7434FF942C1}"
EndProject
Project("{FAE04EC0-301F-11D3-BF4B-00C04F79EFBC}") = "PTS.Core", "PTS.Core\PTS.Core.csproj", "{E6BB89C5-A388-4FFF-BBF6-58367F334419}"
EndProject
Project("{FAE04EC0-301F-11D3-BF4B-00C04F79EFBC}") = "PTS.Repository", "PTS.Repository\PTS.Repository.csproj", "{C623E11B-6EC1-4577-82D7-93A3E01ACA39}"
EndProject
Project("{FAE04EC0-301F-11D3-BF4B-00C04F79EFBC}") = "PTS.Service", "PTS.Service\PTS.Service.csproj", "{202116B6-62CF-4E20-8F16-C29A61DC2649}"
EndProject
Project("{FAE04EC0-301F-11D3-BF4B-00C04F79EFBC}") = "PTS.RestAPI", "PTS.RestAPI\PTS.RestAPI.csproj", "{6DB96FB5-7F4D-4DFC-971D-FF077524F218}"
EndProject
Project("{FAE04EC0-301F-11D3-BF4B-00C04F79EFBC}") = "PTS.Web", "PTS.Web\PTS.Web.csproj", "{49629CE3-463B-4695-9BAC-BE514D7B5BBC}"
EndProject
Global
	GlobalSection(SolutionConfigurationPlatforms) = preSolution
		Debug|Any CPU = Debug|Any CPU
		Release|Any CPU = Release|Any CPU
	EndGlobalSection
	GlobalSection(ProjectConfigurationPlatforms) = postSolution
		{E6BB89C5-A388-4FFF-BBF6-58367F334419}.Debug|Any CPU.ActiveCfg = Debug|Any CPU
		{E6BB89C5-A388-4FFF-BBF6-58367F334419}.Debug|Any CPU.Build.0 = Debug|Any CPU
		{E6BB89C5-A388-4FFF-BBF6-58367F334419}.Release|Any CPU.ActiveCfg = Release|Any CPU
		{E6BB89C5-A388-4FFF-BBF6-58367F334419}.Release|Any CPU.Build.0 = Release|Any CPU
		{C623E11B-6EC1-4577-82D7-93A3E01ACA39}.Debug|Any CPU.ActiveCfg = Debug|Any CPU
		{C623E11B-6EC1-4577-82D7-93A3E01ACA39}.Debug|Any CPU.Build.0 = Debug|Any CPU
		{C623E11B-6EC1-4577-82D7-93A3E01ACA39}.Release|Any CPU.ActiveCfg = Release|Any CPU
		{C623E11B-6EC1-4577-82D7-93A3E01ACA39}.Release|Any CPU.Build.0 = Release|Any CPU
		{202116B6-62CF-4E20-8F16-C29A61DC2649}.Debug|Any CPU.ActiveCfg = Debug|Any CPU
		{202116B6-62CF-4E20-8F16-C29A61DC2649}.Debug|Any CPU.Build.0 = Debug|Any CPU
		{202116B6-62CF-4E20-8F16-C29A61DC2649}.Release|Any CPU.ActiveCfg = Release|Any CPU
		{202116B6-62CF-4E20-8F16-C29A61DC2649}.Release|Any CPU.Build.0 = Release|Any CPU
		{6DB96FB5-7F4D-4DFC-971D-FF077524F218}.Debug|Any CPU.ActiveCfg = Debug|Any CPU
		{6DB96FB5-7F4D-4DFC-971D-FF077524F218}.Debug|Any CPU.Build.0 = Debug|Any CPU
		{6DB96FB5-7F4D-4DFC-971D-FF077524F218}.Release|Any CPU.ActiveCfg = Release|Any CPU
		{6DB96FB5-7F4D-4DFC-971D-FF077524F218}.Release|Any CPU.Build.0 = Release|Any CPU
		{49629CE3-463B-4695-9BAC-BE514D7B5BBC}.Debug|Any CPU.ActiveCfg = Debug|Any CPU
		{49629CE3-463B-4695-9BAC-BE514D7B5BBC}.Debug|Any CPU.Build.0 = Debug|Any CPU
		{49629CE3-463B-4695-9BAC-BE514D7B5BBC}.Release|Any CPU.ActiveCfg = Release|Any CPU
		{49629CE3-463B-4695-9BAC-BE514D7B5BBC}.Release|Any CPU.Build.0 = Release|Any CPU
	EndGlobalSection
	GlobalSection(SolutionProperties) = preSolution
		HideSolutionNode = FALSE
	EndGlobalSection
	GlobalSection(NestedProjects) = preSolution
		{E6BB89C5-A388-4FFF-BBF6-58367F334419} = {8E0148D4-9E68-4197-9DCE-E143A5EC340E}
		{C623E11B-6EC1-4577-82D7-93A3E01ACA39} = {E0BB409E-C9C3-4C12-A4B9-BAF570656445}
		{202116B6-62CF-4E20-8F16-C29A61DC2649} = {1B894B87-3A1D-4F5B-BCF0-2FB847ED9481}
		{6DB96FB5-7F4D-4DFC-971D-FF077524F218} = {93BE4E75-E412-496A-B8E5-401C50EA2E61}
		{49629CE3-463B-4695-9BAC-BE514D7B5BBC} = {611129C4-FDD4-444E-8D93-E7434FF942C1}
	EndGlobalSection
EndGlobal
